
Microsoft Visual Studio Solution File, Format Version 12.00
# Visual Studio Version 16
VisualStudioVersion = 16.0.28729.10
MinimumVisualStudioVersion = 10.0.40219.1
Project("{9A19103F-16F7-4668-BE54-9A1E7A4F7556}") = "UserInterfaceTesting.Framework.BarbaryLion", "UserInterfaceTesting.Framework.BarbaryLion\UserInterfaceTesting.Framework.BarbaryLion.csproj", "{37F34238-D82D-4226-99C0-3C861A9AA9C1}"
EndProject
Project("{FAE04EC0-301F-11D3-BF4B-00C04F79EFBC}") = "UserInterfaceTestingResources", "UserInterfaceTestingResources\UserInterfaceTestingResources.csproj", "{63DFF2C2-3396-4331-B188-BD140F0F3F87}"
EndProject
Global
	GlobalSection(SolutionConfigurationPlatforms) = preSolution
		Debug|Any CPU = Debug|Any CPU
		Release|Any CPU = Release|Any CPU
	EndGlobalSection
	GlobalSection(ProjectConfigurationPlatforms) = postSolution
		{37F34238-D82D-4226-99C0-3C861A9AA9C1}.Debug|Any CPU.ActiveCfg = Debug|Any CPU
		{37F34238-D82D-4226-99C0-3C861A9AA9C1}.Debug|Any CPU.Build.0 = Debug|Any CPU
		{37F34238-D82D-4226-99C0-3C861A9AA9C1}.Release|Any CPU.ActiveCfg = Release|Any CPU
		{37F34238-D82D-4226-99C0-3C861A9AA9C1}.Release|Any CPU.Build.0 = Release|Any CPU
		{63DFF2C2-3396-4331-B188-BD140F0F3F87}.Debug|Any CPU.ActiveCfg = Debug|Any CPU
		{63DFF2C2-3396-4331-B188-BD140F0F3F87}.Debug|Any CPU.Build.0 = Debug|Any CPU
		{63DFF2C2-3396-4331-B188-BD140F0F3F87}.Release|Any CPU.ActiveCfg = Release|Any CPU
		{63DFF2C2-3396-4331-B188-BD140F0F3F87}.Release|Any CPU.Build.0 = Release|Any CPU
	EndGlobalSection
	GlobalSection(SolutionProperties) = preSolution
		HideSolutionNode = FALSE
	EndGlobalSection
	GlobalSection(ExtensibilityGlobals) = postSolution
		SolutionGuid = {EA5EEFE2-A7BC-45F8-814A-1380089844AF}
	EndGlobalSection
EndGlobal
